
Microsoft Visual Studio Solution File, Format Version 12.00
# Visual Studio 15
VisualStudioVersion = 15.0.28010.2046
MinimumVisualStudioVersion = 10.0.40219.1
Project("{FAE04EC0-301F-11D3-BF4B-00C04F79EFBC}") = "Program 06", "Program 06\Program 06.csproj", "{894D3E4D-5DE4-4197-9AB1-039D41D7C972}"
EndProject
Global
	GlobalSection(SolutionConfigurationPlatforms) = preSolution
		Debug|Any CPU = Debug|Any CPU
		Release|Any CPU = Release|Any CPU
	EndGlobalSection
	GlobalSection(ProjectConfigurationPlatforms) = postSolution
		{894D3E4D-5DE4-4197-9AB1-039D41D7C972}.Debug|Any CPU.ActiveCfg = Debug|Any CPU
		{894D3E4D-5DE4-4197-9AB1-039D41D7C972}.Debug|Any CPU.Build.0 = Debug|Any CPU
		{894D3E4D-5DE4-4197-9AB1-039D41D7C972}.Release|Any CPU.ActiveCfg = Release|Any CPU
		{894D3E4D-5DE4-4197-9AB1-039D41D7C972}.Release|Any CPU.Build.0 = Release|Any CPU
	EndGlobalSection
	GlobalSection(SolutionProperties) = preSolution
		HideSolutionNode = FALSE
	EndGlobalSection
	GlobalSection(ExtensibilityGlobals) = postSolution
		SolutionGuid = {B59877C9-FFB4-4E72-837F-C53477B7D7CB}
	EndGlobalSection
EndGlobal
